version: 1
checksums:
  b5a58dce12433b8bff3559f4c52d4cf2:
    HomePage/title: 981df558575dc8a5f088978cc57a4018
    HomePage/about: a4b73eaf541a5ab620c796b2d4964630
    Header/home: 104a3db3b671c04e167eafbe21e57881
    Header/about: 944521eeeed2511833d2299931273c71
    Header/contact: 9afa39bc47019ee6dec6c74b6273967c
    Header/login: 9fb886eff8d1d67d8bb79f5c3f78edde
    Header/signup: a6a0b995463f62ce6a12e37f1d05a9bd
